
Microsoft Visual Studio Solution File, Format Version 12.00
# Visual Studio Version 17
VisualStudioVersion = 17.10.35122.118
MinimumVisualStudioVersion = 10.0.40219.1
Project("{FAE04EC0-301F-11D3-BF4B-00C04F79EFBC}") = "GeneralSystemBoard", "GeneralSystemBoard\GeneralSystemBoard.csproj", "{0030B37D-8A04-4905-BC3D-8B0F90ED52C6}"
EndProject
Global
	GlobalSection(SolutionConfigurationPlatforms) = preSolution
		Debug|Any CPU = Debug|Any CPU
		Release|Any CPU = Release|Any CPU
	EndGlobalSection
	GlobalSection(ProjectConfigurationPlatforms) = postSolution
		{0030B37D-8A04-4905-BC3D-8B0F90ED52C6}.Debug|Any CPU.ActiveCfg = Debug|Any CPU
		{0030B37D-8A04-4905-BC3D-8B0F90ED52C6}.Debug|Any CPU.Build.0 = Debug|Any CPU
		{0030B37D-8A04-4905-BC3D-8B0F90ED52C6}.Release|Any CPU.ActiveCfg = Release|Any CPU
		{0030B37D-8A04-4905-BC3D-8B0F90ED52C6}.Release|Any CPU.Build.0 = Release|Any CPU
	EndGlobalSection
	GlobalSection(SolutionProperties) = preSolution
		HideSolutionNode = FALSE
	EndGlobalSection
	GlobalSection(ExtensibilityGlobals) = postSolution
		SolutionGuid = {9D3E44A1-9F0A-4590-84F2-DA7D8AE6F95E}
	EndGlobalSection
EndGlobal
